# Core Web Framework
fastapi==0.109.2
# Starlette 0.36 TestClient uses aliases deprecated by AnyIO 4.15.
anyio==4.13.0
uvicorn[standard]==0.27.1
python-multipart==0.0.31
pydantic==2.5.3
pydantic-settings==2.1.0

# CORS and WebSockets
python-dotenv==1.2.2
websockets==12.0
keyring==25.6.0

# LLM Providers
openai==1.12.0
anthropic==0.18.1

# API Rate Limiting
slowapi==0.1.9

# Fanfiction Feature Dependencies
duckduckgo-search==8.1.1
beautifulsoup4==4.12.3
lxml==6.1.0
requests==2.33.0

# Data Processing
pyyaml==6.0.1
aiofiles==23.2.1
aiohttp==3.14.1
tiktoken==0.12.0
python-docx==1.1.2

# Semantic Retrieval
fastembed==0.8.0

# OpenTelemetry
opentelemetry-api==1.37.0
opentelemetry-sdk==1.37.0
opentelemetry-exporter-otlp-proto-grpc==1.37.0

# Testing (Optional)
pytest==8.3.5
pytest-asyncio==0.25.3
httpx==0.27.0

# Lint
ruff==0.12.12
mypy==1.10.0
types-PyYAML==6.0.12.20260906
types-aiofiles==25.1.0.20260518

# Supply-chain audit
pip-audit==2.9.0

# Formatting
black==24.4.2
isort==5.13.2
